
Microsoft Visual Studio Solution File, Format Version 12.00
# Visual Studio 15
VisualStudioVersion = 15.0.27428.2015
MinimumVisualStudioVersion = 10.0.40219.1
Project("{FAE04EC0-301F-11D3-BF4B-00C04F79EFBC}") = "SpaceVIL", "SpaceVIL\SpaceVIL.csproj", "{2D58654E-0E46-474F-8295-98D929BF7BDE}"
EndProject
Global
	GlobalSection(SolutionConfigurationPlatforms) = preSolution
		Debug|Any CPU = Debug|Any CPU
		Release|Any CPU = Release|Any CPU
	EndGlobalSection
	GlobalSection(ProjectConfigurationPlatforms) = postSolution
		{2D58654E-0E46-474F-8295-98D929BF7BDE}.Debug|Any CPU.ActiveCfg = Debug|Any CPU
		{2D58654E-0E46-474F-8295-98D929BF7BDE}.Debug|Any CPU.Build.0 = Debug|Any CPU
		{2D58654E-0E46-474F-8295-98D929BF7BDE}.Release|Any CPU.ActiveCfg = Release|Any CPU
		{2D58654E-0E46-474F-8295-98D929BF7BDE}.Release|Any CPU.Build.0 = Release|Any CPU
	EndGlobalSection
	GlobalSection(SolutionProperties) = preSolution
		HideSolutionNode = FALSE
	EndGlobalSection
	GlobalSection(ExtensibilityGlobals) = postSolution
		SolutionGuid = {2FB030E2-7AC0-4962-AE43-7B60E5B46662}
	EndGlobalSection
EndGlobal
